// !$*UTF8*$!
{
	archiveVersion = 1;
	classes = {
	};
	objectVersion = 55;
	objects = {

/* Begin PBXBuildFile section */
		ED3780EB278D0B5F00F8A348 /* EmailTextFieldView.swift in Sources */ = {isa = PBXBuildFile; fileRef = ED3780EA278D0B5F00F8A348 /* EmailTextFieldView.swift */; };
		ED3780ED278D140F00F8A348 /* PasswordTextFieldView.swift in Sources */ = {isa = PBXBuildFile; fileRef = ED3780EC278D140F00F8A348 /* PasswordTextFieldView.swift */; };
		ED3780EF278D157E00F8A348 /* UsernameTextFieldView.swift in Sources */ = {isa = PBXBuildFile; fileRef = ED3780EE278D157E00F8A348 /* UsernameTextFieldView.swift */; };
		ED3780F1278D189F00F8A348 /* ForgotPasswordLink.swift in Sources */ = {isa = PBXBuildFile; fileRef = ED3780F0278D189F00F8A348 /* ForgotPasswordLink.swift */; };
		ED3780F3278D198600F8A348 /* LoginButtonView.swift in Sources */ = {isa = PBXBuildFile; fileRef = ED3780F2278D198600F8A348 /* LoginButtonView.swift */; };
		ED3780F5278D1B0100F8A348 /* SignUpButtonView.swift in Sources */ = {isa = PBXBuildFile; fileRef = ED3780F4278D1B0100F8A348 /* SignUpButtonView.swift */; };
		EDA51E2C278D07BB00AE7128 /* EdvoraUIApp.swift in Sources */ = {isa = PBXBuildFile; fileRef = EDA51E2B278D07BB00AE7128 /* EdvoraUIApp.swift */; };
		EDA51E30278D07BC00AE7128 /* Assets.xcassets in Resources */ = {isa = PBXBuildFile; fileRef = EDA51E2F278D07BC00AE7128 /* Assets.xcassets */; };
		EDA51E33278D07BC00AE7128 /* Preview Assets.xcassets in Resources */ = {isa = PBXBuildFile; fileRef = EDA51E32278D07BC00AE7128 /* Preview Assets.xcassets */; };
		EDA51E3C278D07F000AE7128 /* LoginView.swift in Sources */ = {isa = PBXBuildFile; fileRef = EDA51E3B278D07F000AE7128 /* LoginView.swift */; };
		EDA51E40278D093500AE7128 /* LogoImageView.swift in Sources */ = {isa = PBXBuildFile; fileRef = EDA51E3F278D093500AE7128 /* LogoImageView.swift */; };
/* End PBXBuildFile section */

/* Begin PBXFileReference section */
		ED3780EA278D0B5F00F8A348 /* EmailTextFieldView.swift */ = {isa = PBXFileReference; lastKnownFileType = sourcecode.swift; path = EmailTextFieldView.swift; sourceTree = "<group>"; };
		ED3780EC278D140F00F8A348 /* PasswordTextFieldView.swift */ = {isa = PBXFileReference; lastKnownFileType = sourcecode.swift; path = PasswordTextFieldView.swift; sourceTree = "<group>"; };
		ED3780EE278D157E00F8A348 /* UsernameTextFieldView.swift */ = {isa = PBXFileReference; lastKnownFileType = sourcecode.swift; path = UsernameTextFieldView.swift; sourceTree = "<group>"; };
		ED3780F0278D189F00F8A348 /* ForgotPasswordLink.swift */ = {isa = PBXFileReference; lastKnownFileType = sourcecode.swift; path = ForgotPasswordLink.swift; sourceTree = "<group>"; };
		ED3780F2278D198600F8A348 /* LoginButtonView.swift */ = {isa = PBXFileReference; lastKnownFileType = sourcecode.swift; path = LoginButtonView.swift; sourceTree = "<group>"; };
		ED3780F4278D1B0100F8A348 /* SignUpButtonView.swift */ = {isa = PBXFileReference; lastKnownFileType = sourcecode.swift; path = SignUpButtonView.swift; sourceTree = "<group>"; };
		EDA51E28278D07BB00AE7128 /* EdvoraUI.app */ = {isa = PBXFileReference; explicitFileType = wrapper.application; includeInIndex = 0; path = EdvoraUI.app; sourceTree = BUILT_PRODUCTS_DIR; };
		EDA51E2B278D07BB00AE7128 /* EdvoraUIApp.swift */ = {isa = PBXFileReference; lastKnownFileType = sourcecode.swift; path = EdvoraUIApp.swift; sourceTree = "<group>"; };
		EDA51E2F278D07BC00AE7128 /* Assets.xcassets */ = {isa = PBXFileReference; lastKnownFileType = folder.assetcatalog; path = Assets.xcassets; sourceTree = "<group>"; };
		EDA51E32278D07BC00AE7128 /* Preview Assets.xcassets */ = {isa = PBXFileReference; lastKnownFileType = folder.assetcatalog; path = "Preview Assets.xcassets"; sourceTree = "<group>"; };
		EDA51E3B278D07F000AE7128 /* LoginView.swift */ = {isa = PBXFileReference; lastKnownFileType = sourcecode.swift; path = LoginView.swift; sourceTree = "<group>"; };
		EDA51E3F278D093500AE7128 /* LogoImageView.swift */ = {isa = PBXFileReference; lastKnownFileType = sourcecode.swift; path = LogoImageView.swift; sourceTree = "<group>"; };
/* End PBXFileReference section */

/* Begin PBXFrameworksBuildPhase section */
		EDA51E25278D07BB00AE7128 /* Frameworks */ = {
			isa = PBXFrameworksBuildPhase;
			buildActionMask = 2147483647;
			files = (
			);
			runOnlyForDeploymentPostprocessing = 0;
		};
/* End PBXFrameworksBuildPhase section */

/* Begin PBXGroup section */
		EDA51E1F278D07BB00AE7128 = {
			isa = PBXGroup;
			children = (
				EDA51E2A278D07BB00AE7128 /* EdvoraUI */,
				EDA51E29278D07BB00AE7128 /* Products */,
			);
			sourceTree = "<group>";
		};
		EDA51E29278D07BB00AE7128 /* Products */ = {
			isa = PBXGroup;
			children = (
				EDA51E28278D07BB00AE7128 /* EdvoraUI.app */,
			);
			name = Products;
			sourceTree = "<group>";
		};
		EDA51E2A278D07BB00AE7128 /* EdvoraUI */ = {
			isa = PBXGroup;
			children = (
				EDA51E3A278D07CF00AE7128 /* System */,
				EDA51E39278D07C500AE7128 /* Views */,
				EDA51E2F278D07BC00AE7128 /* Assets.xcassets */,
				EDA51E31278D07BC00AE7128 /* Preview Content */,
			);
			path = EdvoraUI;
			sourceTree = "<group>";
		};
		EDA51E31278D07BC00AE7128 /* Preview Content */ = {
			isa = PBXGroup;
			children = (
				EDA51E32278D07BC00AE7128 /* Preview Assets.xcassets */,
			);
			path = "Preview Content";
			sourceTree = "<group>";
		};
		EDA51E39278D07C500AE7128 /* Views */ = {
			isa = PBXGroup;
			children = (
				EDA51E3D278D091600AE7128 /* Login Views */,
			);
			path = Views;
			sourceTree = "<group>";
		};
		EDA51E3A278D07CF00AE7128 /* System */ = {
			isa = PBXGroup;
			children = (
				EDA51E2B278D07BB00AE7128 /* EdvoraUIApp.swift */,
			);
			path = System;
			sourceTree = "<group>";
		};
		EDA51E3D278D091600AE7128 /* Login Views */ = {
			isa = PBXGroup;
			children = (
				EDA51E3E278D092400AE7128 /* Subviews */,
				EDA51E3B278D07F000AE7128 /* LoginView.swift */,
			);
			path = "Login Views";
			sourceTree = "<group>";
		};
		EDA51E3E278D092400AE7128 /* Subviews */ = {
			isa = PBXGroup;
			children = (
				EDA51E3F278D093500AE7128 /* LogoImageView.swift */,
				ED3780EA278D0B5F00F8A348 /* EmailTextFieldView.swift */,
				ED3780EC278D140F00F8A348 /* PasswordTextFieldView.swift */,
				ED3780EE278D157E00F8A348 /* UsernameTextFieldView.swift */,
				ED3780F0278D189F00F8A348 /* ForgotPasswordLink.swift */,
				ED3780F2278D198600F8A348 /* LoginButtonView.swift */,
				ED3780F4278D1B0100F8A348 /* SignUpButtonView.swift */,
			);
			path = Subviews;
			sourceTree = "<group>";
		};
/* End PBXGroup section */

/* Begin PBXNativeTarget section */
		EDA51E27278D07BB00AE7128 /* EdvoraUI */ = {
			isa = PBXNativeTarget;
			buildConfigurationList = EDA51E36278D07BC00AE7128 /* Build configuration list for PBXNativeTarget "EdvoraUI" */;
			buildPhases = (
				EDA51E24278D07BB00AE7128 /* Sources */,
				EDA51E25278D07BB00AE7128 /* Frameworks */,
				EDA51E26278D07BB00AE7128 /* Resources */,
			);
			buildRules = (
			);
			dependencies = (
			);
			name = EdvoraUI;
			productName = EdvoraUI;
			productReference = EDA51E28278D07BB00AE7128 /* EdvoraUI.app */;
			productType = "com.apple.product-type.application";
		};
/* End PBXNativeTarget section */

/* Begin PBXProject section */
		EDA51E20278D07BB00AE7128 /* Project object */ = {
			isa = PBXProject;
			attributes = {
				BuildIndependentTargetsInParallel = 1;
				LastSwiftUpdateCheck = 1310;
				LastUpgradeCheck = 1310;
				TargetAttributes = {
					EDA51E27278D07BB00AE7128 = {
						CreatedOnToolsVersion = 13.1;
					};
				};
			};
			buildConfigurationList = EDA51E23278D07BB00AE7128 /* Build configuration list for PBXProject "EdvoraUI" */;
			compatibilityVersion = "Xcode 13.0";
			developmentRegion = en;
			hasScannedForEncodings = 0;
			knownRegions = (
				en,
				Base,
			);
			mainGroup = EDA51E1F278D07BB00AE7128;
			productRefGroup = EDA51E29278D07BB00AE7128 /* Products */;
			projectDirPath = "";
			projectRoot = "";
			targets = (
				EDA51E27278D07BB00AE7128 /* EdvoraUI */,
			);
		};
/* End PBXProject section */

/* Begin PBXResourcesBuildPhase section */
		EDA51E26278D07BB00AE7128 /* Resources */ = {
			isa = PBXResourcesBuildPhase;
			buildActionMask = 2147483647;
			files = (
				EDA51E33278D07BC00AE7128 /* Preview Assets.xcassets in Resources */,
				EDA51E30278D07BC00AE7128 /* Assets.xcassets in Resources */,
			);
			runOnlyForDeploymentPostprocessing = 0;
		};
/* End PBXResourcesBuildPhase section */

/* Begin PBXSourcesBuildPhase section */
		EDA51E24278D07BB00AE7128 /* Sources */ = {
			isa = PBXSourcesBuildPhase;
			buildActionMask = 2147483647;
			files = (
				ED3780F3278D198600F8A348 /* LoginButtonView.swift in Sources */,
				EDA51E40278D093500AE7128 /* LogoImageView.swift in Sources */,
				EDA51E3C278D07F000AE7128 /* LoginView.swift in Sources */,
				ED3780EF278D157E00F8A348 /* UsernameTextFieldView.swift in Sources */,
				ED3780ED278D140F00F8A348 /* PasswordTextFieldView.swift in Sources */,
				ED3780F5278D1B0100F8A348 /* SignUpButtonView.swift in Sources */,
				ED3780F1278D189F00F8A348 /* ForgotPasswordLink.swift in Sources */,
				EDA51E2C278D07BB00AE7128 /* EdvoraUIApp.swift in Sources */,
				ED3780EB278D0B5F00F8A348 /* EmailTextFieldView.swift in Sources */,
			);
			runOnlyForDeploymentPostprocessing = 0;
		};
/* End PBXSourcesBuildPhase section */

/* Begin XCBuildConfiguration section */
		EDA51E34278D07BC00AE7128 /* Debug */ = {
			isa = XCBuildConfiguration;
			buildSettings = {
				ALWAYS_SEARCH_USER_PATHS = NO;
				CLANG_ANALYZER_NONNULL = YES;
				CLANG_ANALYZER_NUMBER_OBJECT_CONVERSION = YES_AGGRESSIVE;
				CLANG_CXX_LANGUAGE_STANDARD = "gnu++17";
				CLANG_CXX_LIBRARY = "libc++";
				CLANG_ENABLE_MODULES = YES;
				CLANG_ENABLE_OBJC_ARC = YES;
				CLANG_ENABLE_OBJC_WEAK = YES;
				CLANG_WARN_BLOCK_CAPTURE_AUTORELEASING = YES;
				CLANG_WARN_BOOL_CONVERSION = YES;
				CLANG_WARN_COMMA = YES;
				CLANG_WARN_CONSTANT_CONVERSION = YES;
				CLANG_WARN_DEPRECATED_OBJC_IMPLEMENTATIONS = YES;
				CLANG_WARN_DIRECT_OBJC_ISA_USAGE = YES_ERROR;
				CLANG_WARN_DOCUMENTATION_COMMENTS = YES;
				CLANG_WARN_EMPTY_BODY = YES;
				CLANG_WARN_ENUM_CONVERSION = YES;
				CLANG_WARN_INFINITE_RECURSION = YES;
				CLANG_WARN_INT_CONVERSION = YES;
				CLANG_WARN_NON_LITERAL_NULL_CONVERSION = YES;
				CLANG_WARN_OBJC_IMPLICIT_RETAIN_SELF = YES;
				CLANG_WARN_OBJC_LITERAL_CONVERSION = YES;
				CLANG_WARN_OBJC_ROOT_CLASS = YES_ERROR;
				CLANG_WARN_QUOTED_INCLUDE_IN_FRAMEWORK_HEADER = YES;
				CLANG_WARN_RANGE_LOOP_ANALYSIS = YES;
				CLANG_WARN_STRICT_PROTOTYPES = YES;
				CLANG_WARN_SUSPICIOUS_MOVE = YES;
				CLANG_WARN_UNGUARDED_AVAILABILITY = YES_AGGRESSIVE;
				CLANG_WARN_UNREACHABLE_CODE = YES;
				CLANG_WARN__DUPLICATE_METHOD_MATCH = YES;
				COPY_PHASE_STRIP = NO;
				DEBUG_INFORMATION_FORMAT = dwarf;
				ENABLE_STRICT_OBJC_MSGSEND = YES;
				ENABLE_TESTABILITY = YES;
				GCC_C_LANGUAGE_STANDARD = gnu11;
				GCC_DYNAMIC_NO_PIC = NO;
				GCC_NO_COMMON_BLOCKS = YES;
				GCC_OPTIMIZATION_LEVEL = 0;
				GCC_PREPROCESSOR_DEFINITIONS = (
					"DEBUG=1",
					"$(inherited)",
				);
				GCC_WARN_64_TO_32_BIT_CONVERSION = YES;
				GCC_WARN_ABOUT_RETURN_TYPE = YES_ERROR;
				GCC_WARN_UNDECLARED_SELECTOR = YES;
				GCC_WARN_UNINITIALIZED_AUTOS = YES_AGGRESSIVE;
				GCC_WARN_UNUSED_FUNCTION = YES;
				GCC_WARN_UNUSED_VARIABLE = YES;
				IPHONEOS_DEPLOYMENT_TARGET = 15.0;
				MTL_ENABLE_DEBUG_INFO = INCLUDE_SOURCE;
				MTL_FAST_MATH = YES;
				ONLY_ACTIVE_ARCH = YES;
				SDKROOT = iphoneos;
				SWIFT_ACTIVE_COMPILATION_CONDITIONS = DEBUG;
				SWIFT_OPTIMIZATION_LEVEL = "-Onone";
			};
			name = Debug;
		};
		EDA51E35278D07BC00AE7128 /* Release */ = {
			isa = XCBuildConfiguration;
			buildSettings = {
				ALWAYS_SEARCH_USER_PATHS = NO;
				CLANG_ANALYZER_NONNULL = YES;
				CLANG_ANALYZER_NUMBER_OBJECT_CONVERSION = YES_AGGRESSIVE;
				CLANG_CXX_LANGUAGE_STANDARD = "gnu++17";
				CLANG_CXX_LIBRARY = "libc++";
				CLANG_ENABLE_MODULES = YES;
				CLANG_ENABLE_OBJC_ARC = YES;
				CLANG_ENABLE_OBJC_WEAK = YES;
				CLANG_WARN_BLOCK_CAPTURE_AUTORELEASING = YES;
				CLANG_WARN_BOOL_CONVERSION = YES;
				CLANG_WARN_COMMA = YES;
				CLANG_WARN_CONSTANT_CONVERSION = YES;
				CLANG_WARN_DEPRECATED_OBJC_IMPLEMENTATIONS = YES;
				CLANG_WARN_DIRECT_OBJC_ISA_USAGE = YES_ERROR;
				CLANG_WARN_DOCUMENTATION_COMMENTS = YES;
				CLANG_WARN_EMPTY_BODY = YES;
				CLANG_WARN_ENUM_CONVERSION = YES;
				CLANG_WARN_INFINITE_RECURSION = YES;
				CLANG_WARN_INT_CONVERSION = YES;
				CLANG_WARN_NON_LITERAL_NULL_CONVERSION = YES;
				CLANG_WARN_OBJC_IMPLICIT_RETAIN_SELF = YES;
				CLANG_WARN_OBJC_LITERAL_CONVERSION = YES;
				CLANG_WARN_OBJC_ROOT_CLASS = YES_ERROR;
				CLANG_WARN_QUOTED_INCLUDE_IN_FRAMEWORK_HEADER = YES;
				CLANG_WARN_RANGE_LOOP_ANALYSIS = YES;
				CLANG_WARN_STRICT_PROTOTYPES = YES;
				CLANG_WARN_SUSPICIOUS_MOVE = YES;
				CLANG_WARN_UNGUARDED_AVAILABILITY = YES_AGGRESSIVE;
				CLANG_WARN_UNREACHABLE_CODE = YES;
				CLANG_WARN__DUPLICATE_METHOD_MATCH = YES;
				COPY_PHASE_STRIP = NO;
				DEBUG_INFORMATION_FORMAT = "dwarf-with-dsym";
				ENABLE_NS_ASSERTIONS = NO;
				ENABLE_STRICT_OBJC_MSGSEND = YES;
				GCC_C_LANGUAGE_STANDARD = gnu11;
				GCC_NO_COMMON_BLOCKS = YES;
				GCC_WARN_64_TO_32_BIT_CONVERSION = YES;
				GCC_WARN_ABOUT_RETURN_TYPE = YES_ERROR;
				GCC_WARN_UNDECLARED_SELECTOR = YES;
				GCC_WARN_UNINITIALIZED_AUTOS = YES_AGGRESSIVE;
				GCC_WARN_UNUSED_FUNCTION = YES;
				GCC_WARN_UNUSED_VARIABLE = YES;
				IPHONEOS_DEPLOYMENT_TARGET = 15.0;
				MTL_ENABLE_DEBUG_INFO = NO;
				MTL_FAST_MATH = YES;
				SDKROOT = iphoneos;
				SWIFT_COMPILATION_MODE = wholemodule;
				SWIFT_OPTIMIZATION_LEVEL = "-O";
				VALIDATE_PRODUCT = YES;
			};
			name = Release;
		};
		EDA51E37278D07BC00AE7128 /* Debug */ = {
			isa = XCBuildConfiguration;
			buildSettings = {
				ASSETCATALOG_COMPILER_APPICON_NAME = AppIcon;
				ASSETCATALOG_COMPILER_GLOBAL_ACCENT_COLOR_NAME = AccentColor;
				CODE_SIGN_STYLE = Automatic;
				CURRENT_PROJECT_VERSION = 1;
				DEVELOPMENT_ASSET_PATHS = "\"EdvoraUI/Preview Content\"";
				DEVELOPMENT_TEAM = K6ATTQCYHQ;
				ENABLE_PREVIEWS = YES;
				GENERATE_INFOPLIST_FILE = YES;
				INFOPLIST_KEY_UIApplicationSceneManifest_Generation = YES;
				INFOPLIST_KEY_UIApplicationSupportsIndirectInputEvents = YES;
				INFOPLIST_KEY_UILaunchScreen_Generation = YES;
				INFOPLIST_KEY_UISupportedInterfaceOrientations_iPad = "UIInterfaceOrientationPortrait UIInterfaceOrientationPortraitUpsideDown UIInterfaceOrientationLandscapeLeft UIInterfaceOrientationLandscapeRight";
				INFOPLIST_KEY_UISupportedInterfaceOrientations_iPhone = "UIInterfaceOrientationPortrait UIInterfaceOrientationLandscapeLeft UIInterfaceOrientationLandscapeRight";
				LD_RUNPATH_SEARCH_PATHS = (
					"$(inherited)",
					"@executable_path/Frameworks",
				);
				MARKETING_VERSION = 1.0;
				PRODUCT_BUNDLE_IDENTIFIER = com.nomanahmad.EdvoraUI;
				PRODUCT_NAME = "$(TARGET_NAME)";
				SWIFT_EMIT_LOC_STRINGS = YES;
				SWIFT_VERSION = 5.0;
				TARGETED_DEVICE_FAMILY = "1,2";
			};
			name = Debug;
		};
		EDA51E38278D07BC00AE7128 /* Release */ = {
			isa = XCBuildConfiguration;
			buildSettings = {
				ASSETCATALOG_COMPILER_APPICON_NAME = AppIcon;
				ASSETCATALOG_COMPILER_GLOBAL_ACCENT_COLOR_NAME = AccentColor;
				CODE_SIGN_STYLE = Automatic;
				CURRENT_PROJECT_VERSION = 1;
				DEVELOPMENT_ASSET_PATHS = "\"EdvoraUI/Preview Content\"";
				DEVELOPMENT_TEAM = K6ATTQCYHQ;
				ENABLE_PREVIEWS = YES;
				GENERATE_INFOPLIST_FILE = YES;
				INFOPLIST_KEY_UIApplicationSceneManifest_Generation = YES;
				INFOPLIST_KEY_UIApplicationSupportsIndirectInputEvents = YES;
				INFOPLIST_KEY_UILaunchScreen_Generation = YES;
				INFOPLIST_KEY_UISupportedInterfaceOrientations_iPad = "UIInterfaceOrientationPortrait UIInterfaceOrientationPortraitUpsideDown UIInterfaceOrientationLandscapeLeft UIInterfaceOrientationLandscapeRight";
				INFOPLIST_KEY_UISupportedInterfaceOrientations_iPhone = "UIInterfaceOrientationPortrait UIInterfaceOrientationLandscapeLeft UIInterfaceOrientationLandscapeRight";
				LD_RUNPATH_SEARCH_PATHS = (
					"$(inherited)",
					"@executable_path/Frameworks",
				);
				MARKETING_VERSION = 1.0;
				PRODUCT_BUNDLE_IDENTIFIER = com.nomanahmad.EdvoraUI;
				PRODUCT_NAME = "$(TARGET_NAME)";
				SWIFT_EMIT_LOC_STRINGS = YES;
				SWIFT_VERSION = 5.0;
				TARGETED_DEVICE_FAMILY = "1,2";
			};
			name = Release;
		};
/* End XCBuildConfiguration section */

/* Begin XCConfigurationList section */
		EDA51E23278D07BB00AE7128 /* Build configuration list for PBXProject "EdvoraUI" */ = {
			isa = XCConfigurationList;
			buildConfigurations = (
				EDA51E34278D07BC00AE7128 /* Debug */,
				EDA51E35278D07BC00AE7128 /* Release */,
			);
			defaultConfigurationIsVisible = 0;
			defaultConfigurationName = Release;
		};
		EDA51E36278D07BC00AE7128 /* Build configuration list for PBXNativeTarget "EdvoraUI" */ = {
			isa = XCConfigurationList;
			buildConfigurations = (
				EDA51E37278D07BC00AE7128 /* Debug */,
				EDA51E38278D07BC00AE7128 /* Release */,
			);
			defaultConfigurationIsVisible = 0;
			defaultConfigurationName = Release;
		};
/* End XCConfigurationList section */
	};
	rootObject = EDA51E20278D07BB00AE7128 /* Project object */;
}
